// !$*UTF8*$!
{
	archiveVersion = 1;
	classes = {
	};
	objectVersion = 46;
	objects = {

/* Begin PBXBuildFile section */
		51010C561A6293160045D994 /* FRLocalStorage.m in Sources */ = {isa = PBXBuildFile; fileRef = 51010C551A6293160045D994 /* FRLocalStorage.m */; };
		511BAA961A626508001E87AB /* PackageDetailViewController.m in Sources */ = {isa = PBXBuildFile; fileRef = 511BAA951A626508001E87AB /* PackageDetailViewController.m */; };
		511BAA991A6265AA001E87AB /* Package.m in Sources */ = {isa = PBXBuildFile; fileRef = 511BAA981A6265AA001E87AB /* Package.m */; };
		511BAA9C1A62720D001E87AB /* Answer.m in Sources */ = {isa = PBXBuildFile; fileRef = 511BAA9B1A62720D001E87AB /* Answer.m */; };
		511CA9B01A6202FA0043E516 /* FRServer.m in Sources */ = {isa = PBXBuildFile; fileRef = 511CA9AD1A6202FA0043E516 /* FRServer.m */; };
		511CA9B11A6202FA0043E516 /* FRServerRequest.m in Sources */ = {isa = PBXBuildFile; fileRef = 511CA9AF1A6202FA0043E516 /* FRServerRequest.m */; };
		5163774B1A618336005E83CA /* PackageTableViewController.m in Sources */ = {isa = PBXBuildFile; fileRef = 5163774A1A618336005E83CA /* PackageTableViewController.m */; };
		5163774E1A61904D005E83CA /* QuestionInterfaceController.m in Sources */ = {isa = PBXBuildFile; fileRef = 5163774D1A61904D005E83CA /* QuestionInterfaceController.m */; };
		51D036E11A61AEB500CA112A /* MultipleSelectionTableRowController.m in Sources */ = {isa = PBXBuildFile; fileRef = 51D036E01A61AEB500CA112A /* MultipleSelectionTableRowController.m */; };
		51DA82D31A6164DD00F2E962 /* main.m in Sources */ = {isa = PBXBuildFile; fileRef = 51DA82D21A6164DD00F2E962 /* main.m */; };
		51DA82D61A6164DD00F2E962 /* AppDelegate.m in Sources */ = {isa = PBXBuildFile; fileRef = 51DA82D51A6164DD00F2E962 /* AppDelegate.m */; };
		51DA82DC1A6164DD00F2E962 /* Main.storyboard in Resources */ = {isa = PBXBuildFile; fileRef = 51DA82DA1A6164DD00F2E962 /* Main.storyboard */; };
		51DA82DE1A6164DD00F2E962 /* Images.xcassets in Resources */ = {isa = PBXBuildFile; fileRef = 51DA82DD1A6164DD00F2E962 /* Images.xcassets */; };
		51DA82E11A6164DD00F2E962 /* LaunchScreen.xib in Resources */ = {isa = PBXBuildFile; fileRef = 51DA82DF1A6164DD00F2E962 /* LaunchScreen.xib */; };
		51DA82ED1A6164DD00F2E962 /* WatchKit_Vocab_TrainerTests.m in Sources */ = {isa = PBXBuildFile; fileRef = 51DA82EC1A6164DD00F2E962 /* WatchKit_Vocab_TrainerTests.m */; };
		51DA83011A61657E00F2E962 /* InterfaceController.m in Sources */ = {isa = PBXBuildFile; fileRef = 51DA83001A61657E00F2E962 /* InterfaceController.m */; };
		51DA83041A61657E00F2E962 /* NotificationController.m in Sources */ = {isa = PBXBuildFile; fileRef = 51DA83031A61657E00F2E962 /* NotificationController.m */; };
		51DA83071A61657E00F2E962 /* GlanceController.m in Sources */ = {isa = PBXBuildFile; fileRef = 51DA83061A61657E00F2E962 /* GlanceController.m */; };
		51DA83091A61657E00F2E962 /* Images.xcassets in Resources */ = {isa = PBXBuildFile; fileRef = 51DA83081A61657E00F2E962 /* Images.xcassets */; };
		51DA830D1A61657E00F2E962 /* WatchKit Vocab Trainer WatchKit App.app in Resources */ = {isa = PBXBuildFile; fileRef = 51DA830C1A61657E00F2E962 /* WatchKit Vocab Trainer WatchKit App.app */; };
		51DA83151A61657E00F2E962 /* Interface.storyboard in Resources */ = {isa = PBXBuildFile; fileRef = 51DA83131A61657E00F2E962 /* Interface.storyboard */; };
		51DA83171A61657E00F2E962 /* Images.xcassets in Resources */ = {isa = PBXBuildFile; fileRef = 51DA83161A61657E00F2E962 /* Images.xcassets */; };
		51DA831A1A61657E00F2E962 /* WatchKit Vocab Trainer WatchKit Extension.appex in Embed App Extensions */ = {isa = PBXBuildFile; fileRef = 51DA82FA1A61657E00F2E962 /* WatchKit Vocab Trainer WatchKit Extension.appex */; settings = {ATTRIBUTES = (RemoveHeadersOnCopy, ); }; };
		51DA83BC1A629C4600F2E962 /* CoreLocation.framework in Frameworks */ = {isa = PBXBuildFile; fileRef = 51DA83BB1A629C4600F2E962 /* CoreLocation.framework */; };
/* End PBXBuildFile section */

/* Begin PBXContainerItemProxy section */
		51DA82E71A6164DD00F2E962 /* PBXContainerItemProxy */ = {
			isa = PBXContainerItemProxy;
			containerPortal = 51DA82C51A6164DC00F2E962 /* Project object */;
			proxyType = 1;
			remoteGlobalIDString = 51DA82CC1A6164DC00F2E962;
			remoteInfo = "WatchKit Vocab Trainer";
		};
		51DA830E1A61657E00F2E962 /* PBXContainerItemProxy */ = {
			isa = PBXContainerItemProxy;
			containerPortal = 51DA82C51A6164DC00F2E962 /* Project object */;
			proxyType = 1;
			remoteGlobalIDString = 51DA830B1A61657E00F2E962;
			remoteInfo = "WatchKit Vocab Trainer WatchKit App";
		};
		51DA83181A61657E00F2E962 /* PBXContainerItemProxy */ = {
			isa = PBXContainerItemProxy;
			containerPortal = 51DA82C51A6164DC00F2E962 /* Project object */;
			proxyType = 1;
			remoteGlobalIDString = 51DA82F91A61657E00F2E962;
			remoteInfo = "WatchKit Vocab Trainer WatchKit Extension";
		};
/* End PBXContainerItemProxy section */

/* Begin PBXCopyFilesBuildPhase section */
		51DA83211A61657E00F2E962 /* Embed App Extensions */ = {
			isa = PBXCopyFilesBuildPhase;
			buildActionMask = 2147483647;
			dstPath = "";
			dstSubfolderSpec = 13;
			files = (
				51DA831A1A61657E00F2E962 /* WatchKit Vocab Trainer WatchKit Extension.appex in Embed App Extensions */,
			);
			name = "Embed App Extensions";
			runOnlyForDeploymentPostprocessing = 0;
		};
/* End PBXCopyFilesBuildPhase section */

/* Begin PBXFileReference section */
		51010C541A6293160045D994 /* FRLocalStorage.h */ = {isa = PBXFileReference; fileEncoding = 4; lastKnownFileType = sourcecode.c.h; path = FRLocalStorage.h; sourceTree = "<group>"; };
		51010C551A6293160045D994 /* FRLocalStorage.m */ = {isa = PBXFileReference; fileEncoding = 4; lastKnownFileType = sourcecode.c.objc; path = FRLocalStorage.m; sourceTree = "<group>"; };
		511BAA941A626508001E87AB /* PackageDetailViewController.h */ = {isa = PBXFileReference; fileEncoding = 4; lastKnownFileType = sourcecode.c.h; path = PackageDetailViewController.h; sourceTree = "<group>"; };
		511BAA951A626508001E87AB /* PackageDetailViewController.m */ = {isa = PBXFileReference; fileEncoding = 4; lastKnownFileType = sourcecode.c.objc; path = PackageDetailViewController.m; sourceTree = "<group>"; };
		511BAA971A6265AA001E87AB /* Package.h */ = {isa = PBXFileReference; fileEncoding = 4; lastKnownFileType = sourcecode.c.h; path = Package.h; sourceTree = "<group>"; };
		511BAA981A6265AA001E87AB /* Package.m */ = {isa = PBXFileReference; fileEncoding = 4; lastKnownFileType = sourcecode.c.objc; path = Package.m; sourceTree = "<group>"; };
		511BAA9A1A62720D001E87AB /* Answer.h */ = {isa = PBXFileReference; fileEncoding = 4; lastKnownFileType = sourcecode.c.h; path = Answer.h; sourceTree = "<group>"; };
		511BAA9B1A62720D001E87AB /* Answer.m */ = {isa = PBXFileReference; fileEncoding = 4; lastKnownFileType = sourcecode.c.objc; path = Answer.m; sourceTree = "<group>"; };
		511CA9AC1A6202FA0043E516 /* FRServer.h */ = {isa = PBXFileReference; fileEncoding = 4; lastKnownFileType = sourcecode.c.h; path = FRServer.h; sourceTree = "<group>"; };
		511CA9AD1A6202FA0043E516 /* FRServer.m */ = {isa = PBXFileReference; fileEncoding = 4; lastKnownFileType = sourcecode.c.objc; path = FRServer.m; sourceTree = "<group>"; };
		511CA9AE1A6202FA0043E516 /* FRServerRequest.h */ = {isa = PBXFileReference; fileEncoding = 4; lastKnownFileType = sourcecode.c.h; path = FRServerRequest.h; sourceTree = "<group>"; };
		511CA9AF1A6202FA0043E516 /* FRServerRequest.m */ = {isa = PBXFileReference; fileEncoding = 4; lastKnownFileType = sourcecode.c.objc; path = FRServerRequest.m; sourceTree = "<group>"; };
		516377491A618336005E83CA /* PackageTableViewController.h */ = {isa = PBXFileReference; fileEncoding = 4; lastKnownFileType = sourcecode.c.h; path = PackageTableViewController.h; sourceTree = "<group>"; };
		5163774A1A618336005E83CA /* PackageTableViewController.m */ = {isa = PBXFileReference; fileEncoding = 4; lastKnownFileType = sourcecode.c.objc; path = PackageTableViewController.m; sourceTree = "<group>"; };
		5163774C1A61904D005E83CA /* QuestionInterfaceController.h */ = {isa = PBXFileReference; fileEncoding = 4; lastKnownFileType = sourcecode.c.h; path = QuestionInterfaceController.h; sourceTree = "<group>"; };
		5163774D1A61904D005E83CA /* QuestionInterfaceController.m */ = {isa = PBXFileReference; fileEncoding = 4; lastKnownFileType = sourcecode.c.objc; path = QuestionInterfaceController.m; sourceTree = "<group>"; };
		51D036DF1A61AEB500CA112A /* MultipleSelectionTableRowController.h */ = {isa = PBXFileReference; fileEncoding = 4; lastKnownFileType = sourcecode.c.h; path = MultipleSelectionTableRowController.h; sourceTree = "<group>"; };
		51D036E01A61AEB500CA112A /* MultipleSelectionTableRowController.m */ = {isa = PBXFileReference; fileEncoding = 4; lastKnownFileType = sourcecode.c.objc; path = MultipleSelectionTableRowController.m; sourceTree = "<group>"; };
		51DA82CD1A6164DC00F2E962 /* WatchKit Vocab Trainer.app */ = {isa = PBXFileReference; explicitFileType = wrapper.application; includeInIndex = 0; path = "WatchKit Vocab Trainer.app"; sourceTree = BUILT_PRODUCTS_DIR; };
		51DA82D11A6164DD00F2E962 /* Info.plist */ = {isa = PBXFileReference; lastKnownFileType = text.plist.xml; path = Info.plist; sourceTree = "<group>"; };
		51DA82D21A6164DD00F2E962 /* main.m */ = {isa = PBXFileReference; lastKnownFileType = sourcecode.c.objc; path = main.m; sourceTree = "<group>"; };
		51DA82D41A6164DD00F2E962 /* AppDelegate.h */ = {isa = PBXFileReference; lastKnownFileType = sourcecode.c.h; path = AppDelegate.h; sourceTree = "<group>"; };
		51DA82D51A6164DD00F2E962 /* AppDelegate.m */ = {isa = PBXFileReference; lastKnownFileType = sourcecode.c.objc; path = AppDelegate.m; sourceTree = "<group>"; };
		51DA82DB1A6164DD00F2E962 /* Base */ = {isa = PBXFileReference; lastKnownFileType = file.storyboard; name = Base; path = Base.lproj/Main.storyboard; sourceTree = "<group>"; };
		51DA82DD1A6164DD00F2E962 /* Images.xcassets */ = {isa = PBXFileReference; lastKnownFileType = folder.assetcatalog; path = Images.xcassets; sourceTree = "<group>"; };
		51DA82E01A6164DD00F2E962 /* Base */ = {isa = PBXFileReference; lastKnownFileType = file.xib; name = Base; path = Base.lproj/LaunchScreen.xib; sourceTree = "<group>"; };
		51DA82E61A6164DD00F2E962 /* WatchKit Vocab TrainerTests.xctest */ = {isa = PBXFileReference; explicitFileType = wrapper.cfbundle; includeInIndex = 0; path = "WatchKit Vocab TrainerTests.xctest"; sourceTree = BUILT_PRODUCTS_DIR; };
		51DA82EB1A6164DD00F2E962 /* Info.plist */ = {isa = PBXFileReference; lastKnownFileType = text.plist.xml; path = Info.plist; sourceTree = "<group>"; };
		51DA82EC1A6164DD00F2E962 /* WatchKit_Vocab_TrainerTests.m */ = {isa = PBXFileReference; lastKnownFileType = sourcecode.c.objc; path = WatchKit_Vocab_TrainerTests.m; sourceTree = "<group>"; };
		51DA82FA1A61657E00F2E962 /* WatchKit Vocab Trainer WatchKit Extension.appex */ = {isa = PBXFileReference; explicitFileType = "wrapper.app-extension"; includeInIndex = 0; path = "WatchKit Vocab Trainer WatchKit Extension.appex"; sourceTree = BUILT_PRODUCTS_DIR; };
		51DA82FD1A61657E00F2E962 /* Info.plist */ = {isa = PBXFileReference; lastKnownFileType = text.plist.xml; path = Info.plist; sourceTree = "<group>"; };
		51DA82FE1A61657E00F2E962 /* PushNotificationPayload.apns */ = {isa = PBXFileReference; lastKnownFileType = text; path = PushNotificationPayload.apns; sourceTree = "<group>"; };
		51DA82FF1A61657E00F2E962 /* InterfaceController.h */ = {isa = PBXFileReference; lastKnownFileType = sourcecode.c.h; path = InterfaceController.h; sourceTree = "<group>"; };
		51DA83001A61657E00F2E962 /* InterfaceController.m */ = {isa = PBXFileReference; lastKnownFileType = sourcecode.c.objc; path = InterfaceController.m; sourceTree = "<group>"; };
		51DA83021A61657E00F2E962 /* NotificationController.h */ = {isa = PBXFileReference; lastKnownFileType = sourcecode.c.h; path = NotificationController.h; sourceTree = "<group>"; };
		51DA83031A61657E00F2E962 /* NotificationController.m */ = {isa = PBXFileReference; lastKnownFileType = sourcecode.c.objc; path = NotificationController.m; sourceTree = "<group>"; };
		51DA83051A61657E00F2E962 /* GlanceController.h */ = {isa = PBXFileReference; lastKnownFileType = sourcecode.c.h; path = GlanceController.h; sourceTree = "<group>"; };
		51DA83061A61657E00F2E962 /* GlanceController.m */ = {isa = PBXFileReference; lastKnownFileType = sourcecode.c.objc; path = GlanceController.m; sourceTree = "<group>"; };
		51DA83081A61657E00F2E962 /* Images.xcassets */ = {isa = PBXFileReference; lastKnownFileType = folder.assetcatalog; path = Images.xcassets; sourceTree = "<group>"; };
		51DA830C1A61657E00F2E962 /* WatchKit Vocab Trainer WatchKit App.app */ = {isa = PBXFileReference; explicitFileType = wrapper.application; includeInIndex = 0; path = "WatchKit Vocab Trainer WatchKit App.app"; sourceTree = BUILT_PRODUCTS_DIR; };
		51DA83121A61657E00F2E962 /* Info.plist */ = {isa = PBXFileReference; lastKnownFileType = text.plist.xml; path = Info.plist; sourceTree = "<group>"; };
		51DA83141A61657E00F2E962 /* Base */ = {isa = PBXFileReference; lastKnownFileType = file.storyboard; name = Base; path = Base.lproj/Interface.storyboard; sourceTree = "<group>"; };
		51DA83161A61657E00F2E962 /* Images.xcassets */ = {isa = PBXFileReference; lastKnownFileType = folder.assetcatalog; path = Images.xcassets; sourceTree = "<group>"; };
		51DA83BB1A629C4600F2E962 /* CoreLocation.framework */ = {isa = PBXFileReference; lastKnownFileType = wrapper.framework; name = CoreLocation.framework; path = System/Library/Frameworks/CoreLocation.framework; sourceTree = SDKROOT; };
/* End PBXFileReference section */

/* Begin PBXFrameworksBuildPhase section */
		51DA82CA1A6164DC00F2E962 /* Frameworks */ = {
			isa = PBXFrameworksBuildPhase;
			buildActionMask = 2147483647;
			files = (
				51DA83BC1A629C4600F2E962 /* CoreLocation.framework in Frameworks */,
			);
			runOnlyForDeploymentPostprocessing = 0;
		};
		51DA82E31A6164DD00F2E962 /* Frameworks */ = {
			isa = PBXFrameworksBuildPhase;
			buildActionMask = 2147483647;
			files = (
			);
			runOnlyForDeploymentPostprocessing = 0;
		};
		51DA82F71A61657E00F2E962 /* Frameworks */ = {
			isa = PBXFrameworksBuildPhase;
			buildActionMask = 2147483647;
			files = (
			);
			runOnlyForDeploymentPostprocessing = 0;
		};
/* End PBXFrameworksBuildPhase section */

/* Begin PBXGroup section */
		51DA82C41A6164DC00F2E962 = {
			isa = PBXGroup;
			children = (
				51DA83BB1A629C4600F2E962 /* CoreLocation.framework */,
				51DA82CF1A6164DC00F2E962 /* WatchKit Vocab Trainer */,
				51DA82E91A6164DD00F2E962 /* WatchKit Vocab TrainerTests */,
				51DA82FB1A61657E00F2E962 /* WatchKit Vocab Trainer WatchKit Extension */,
				51DA83101A61657E00F2E962 /* WatchKit Vocab Trainer WatchKit App */,
				51DA82CE1A6164DC00F2E962 /* Products */,
			);
			sourceTree = "<group>";
		};
		51DA82CE1A6164DC00F2E962 /* Products */ = {
			isa = PBXGroup;
			children = (
				51DA82CD1A6164DC00F2E962 /* WatchKit Vocab Trainer.app */,
				51DA82E61A6164DD00F2E962 /* WatchKit Vocab TrainerTests.xctest */,
				51DA82FA1A61657E00F2E962 /* WatchKit Vocab Trainer WatchKit Extension.appex */,
				51DA830C1A61657E00F2E962 /* WatchKit Vocab Trainer WatchKit App.app */,
			);
			name = Products;
			sourceTree = "<group>";
		};
		51DA82CF1A6164DC00F2E962 /* WatchKit Vocab Trainer */ = {
			isa = PBXGroup;
			children = (
				51DA82D41A6164DD00F2E962 /* AppDelegate.h */,
				51DA82D51A6164DD00F2E962 /* AppDelegate.m */,
				516377491A618336005E83CA /* PackageTableViewController.h */,
				5163774A1A618336005E83CA /* PackageTableViewController.m */,
				511BAA941A626508001E87AB /* PackageDetailViewController.h */,
				511BAA951A626508001E87AB /* PackageDetailViewController.m */,
				511BAA971A6265AA001E87AB /* Package.h */,
				511BAA981A6265AA001E87AB /* Package.m */,
				511BAA9A1A62720D001E87AB /* Answer.h */,
				511BAA9B1A62720D001E87AB /* Answer.m */,
				51DA82DA1A6164DD00F2E962 /* Main.storyboard */,
				51DA82DD1A6164DD00F2E962 /* Images.xcassets */,
				51DA82DF1A6164DD00F2E962 /* LaunchScreen.xib */,
				511CA9AC1A6202FA0043E516 /* FRServer.h */,
				511CA9AD1A6202FA0043E516 /* FRServer.m */,
				511CA9AE1A6202FA0043E516 /* FRServerRequest.h */,
				511CA9AF1A6202FA0043E516 /* FRServerRequest.m */,
				51010C541A6293160045D994 /* FRLocalStorage.h */,
				51010C551A6293160045D994 /* FRLocalStorage.m */,
				51DA82D01A6164DD00F2E962 /* Supporting Files */,
			);
			path = "WatchKit Vocab Trainer";
			sourceTree = "<group>";
		};
		51DA82D01A6164DD00F2E962 /* Supporting Files */ = {
			isa = PBXGroup;
			children = (
				51DA82D11A6164DD00F2E962 /* Info.plist */,
				51DA82D21A6164DD00F2E962 /* main.m */,
			);
			name = "Supporting Files";
			sourceTree = "<group>";
		};
		51DA82E91A6164DD00F2E962 /* WatchKit Vocab TrainerTests */ = {
			isa = PBXGroup;
			children = (
				51DA82EC1A6164DD00F2E962 /* WatchKit_Vocab_TrainerTests.m */,
				51DA82EA1A6164DD00F2E962 /* Supporting Files */,
			);
			path = "WatchKit Vocab TrainerTests";
			sourceTree = "<group>";
		};
		51DA82EA1A6164DD00F2E962 /* Supporting Files */ = {
			isa = PBXGroup;
			children = (
				51DA82EB1A6164DD00F2E962 /* Info.plist */,
			);
			name = "Supporting Files";
			sourceTree = "<group>";
		};
		51DA82FB1A61657E00F2E962 /* WatchKit Vocab Trainer WatchKit Extension */ = {
			isa = PBXGroup;
			children = (
				51DA82FF1A61657E00F2E962 /* InterfaceController.h */,
				51DA83001A61657E00F2E962 /* InterfaceController.m */,
				5163774C1A61904D005E83CA /* QuestionInterfaceController.h */,
				5163774D1A61904D005E83CA /* QuestionInterfaceController.m */,
				51D036DF1A61AEB500CA112A /* MultipleSelectionTableRowController.h */,
				51D036E01A61AEB500CA112A /* MultipleSelectionTableRowController.m */,
				51DA83021A61657E00F2E962 /* NotificationController.h */,
				51DA83031A61657E00F2E962 /* NotificationController.m */,
				51DA83051A61657E00F2E962 /* GlanceController.h */,
				51DA83061A61657E00F2E962 /* GlanceController.m */,
				51DA83081A61657E00F2E962 /* Images.xcassets */,
				51DA82FC1A61657E00F2E962 /* Supporting Files */,
			);
			path = "WatchKit Vocab Trainer WatchKit Extension";
			sourceTree = "<group>";
		};
		51DA82FC1A61657E00F2E962 /* Supporting Files */ = {
			isa = PBXGroup;
			children = (
				51DA82FD1A61657E00F2E962 /* Info.plist */,
				51DA82FE1A61657E00F2E962 /* PushNotificationPayload.apns */,
			);
			name = "Supporting Files";
			sourceTree = "<group>";
		};
		51DA83101A61657E00F2E962 /* WatchKit Vocab Trainer WatchKit App */ = {
			isa = PBXGroup;
			children = (
				51DA83131A61657E00F2E962 /* Interface.storyboard */,
				51DA83161A61657E00F2E962 /* Images.xcassets */,
				51DA83111A61657E00F2E962 /* Supporting Files */,
			);
			path = "WatchKit Vocab Trainer WatchKit App";
			sourceTree = "<group>";
		};
		51DA83111A61657E00F2E962 /* Supporting Files */ = {
			isa = PBXGroup;
			children = (
				51DA83121A61657E00F2E962 /* Info.plist */,
			);
			name = "Supporting Files";
			sourceTree = "<group>";
		};
/* End PBXGroup section */

/* Begin PBXNativeTarget section */
		51DA82CC1A6164DC00F2E962 /* WatchKit Vocab Trainer */ = {
			isa = PBXNativeTarget;
			buildConfigurationList = 51DA82F01A6164DD00F2E962 /* Build configuration list for PBXNativeTarget "WatchKit Vocab Trainer" */;
			buildPhases = (
				51DA82C91A6164DC00F2E962 /* Sources */,
				51DA82CA1A6164DC00F2E962 /* Frameworks */,
				51DA82CB1A6164DC00F2E962 /* Resources */,
				51DA83211A61657E00F2E962 /* Embed App Extensions */,
			);
			buildRules = (
			);
			dependencies = (
				51DA83191A61657E00F2E962 /* PBXTargetDependency */,
			);
			name = "WatchKit Vocab Trainer";
			productName = "WatchKit Vocab Trainer";
			productReference = 51DA82CD1A6164DC00F2E962 /* WatchKit Vocab Trainer.app */;
			productType = "com.apple.product-type.application";
		};
		51DA82E51A6164DD00F2E962 /* WatchKit Vocab TrainerTests */ = {
			isa = PBXNativeTarget;
			buildConfigurationList = 51DA82F31A6164DD00F2E962 /* Build configuration list for PBXNativeTarget "WatchKit Vocab TrainerTests" */;
			buildPhases = (
				51DA82E21A6164DD00F2E962 /* Sources */,
				51DA82E31A6164DD00F2E962 /* Frameworks */,
				51DA82E41A6164DD00F2E962 /* Resources */,
			);
			buildRules = (
			);
			dependencies = (
				51DA82E81A6164DD00F2E962 /* PBXTargetDependency */,
			);
			name = "WatchKit Vocab TrainerTests";
			productName = "WatchKit Vocab TrainerTests";
			productReference = 51DA82E61A6164DD00F2E962 /* WatchKit Vocab TrainerTests.xctest */;
			productType = "com.apple.product-type.bundle.unit-test";
		};
		51DA82F91A61657E00F2E962 /* WatchKit Vocab Trainer WatchKit Extension */ = {
			isa = PBXNativeTarget;
			buildConfigurationList = 51DA831E1A61657E00F2E962 /* Build configuration list for PBXNativeTarget "WatchKit Vocab Trainer WatchKit Extension" */;
			buildPhases = (
				51DA82F61A61657E00F2E962 /* Sources */,
				51DA82F71A61657E00F2E962 /* Frameworks */,
				51DA82F81A61657E00F2E962 /* Resources */,
			);
			buildRules = (
			);
			dependencies = (
				51DA830F1A61657E00F2E962 /* PBXTargetDependency */,
			);
			name = "WatchKit Vocab Trainer WatchKit Extension";
			productName = "WatchKit Vocab Trainer WatchKit Extension";
			productReference = 51DA82FA1A61657E00F2E962 /* WatchKit Vocab Trainer WatchKit Extension.appex */;
			productType = "com.apple.product-type.watchkit-extension";
		};
		51DA830B1A61657E00F2E962 /* WatchKit Vocab Trainer WatchKit App */ = {
			isa = PBXNativeTarget;
			buildConfigurationList = 51DA831B1A61657E00F2E962 /* Build configuration list for PBXNativeTarget "WatchKit Vocab Trainer WatchKit App" */;
			buildPhases = (
				51DA830A1A61657E00F2E962 /* Resources */,
			);
			buildRules = (
			);
			dependencies = (
			);
			name = "WatchKit Vocab Trainer WatchKit App";
			productName = "WatchKit Vocab Trainer WatchKit App";
			productReference = 51DA830C1A61657E00F2E962 /* WatchKit Vocab Trainer WatchKit App.app */;
			productType = "com.apple.product-type.application.watchapp";
		};
/* End PBXNativeTarget section */

/* Begin PBXProject section */
		51DA82C51A6164DC00F2E962 /* Project object */ = {
			isa = PBXProject;
			attributes = {
				LastUpgradeCheck = 0620;
				ORGANIZATIONNAME = WKH;
				TargetAttributes = {
					51DA82CC1A6164DC00F2E962 = {
						CreatedOnToolsVersion = 6.2;
						SystemCapabilities = {
							com.apple.BackgroundModes = {
								enabled = 0;
							};
						};
					};
					51DA82E51A6164DD00F2E962 = {
						CreatedOnToolsVersion = 6.2;
						TestTargetID = 51DA82CC1A6164DC00F2E962;
					};
					51DA82F91A61657E00F2E962 = {
						CreatedOnToolsVersion = 6.2;
					};
					51DA830B1A61657E00F2E962 = {
						CreatedOnToolsVersion = 6.2;
					};
				};
			};
			buildConfigurationList = 51DA82C81A6164DC00F2E962 /* Build configuration list for PBXProject "WatchKit Vocab Trainer" */;
			compatibilityVersion = "Xcode 3.2";
			developmentRegion = English;
			hasScannedForEncodings = 0;
			knownRegions = (
				en,
				Base,
			);
			mainGroup = 51DA82C41A6164DC00F2E962;
			productRefGroup = 51DA82CE1A6164DC00F2E962 /* Products */;
			projectDirPath = "";
			projectRoot = "";
			targets = (
				51DA82CC1A6164DC00F2E962 /* WatchKit Vocab Trainer */,
				51DA82E51A6164DD00F2E962 /* WatchKit Vocab TrainerTests */,
				51DA82F91A61657E00F2E962 /* WatchKit Vocab Trainer WatchKit Extension */,
				51DA830B1A61657E00F2E962 /* WatchKit Vocab Trainer WatchKit App */,
			);
		};
/* End PBXProject section */

/* Begin PBXResourcesBuildPhase section */
		51DA82CB1A6164DC00F2E962 /* Resources */ = {
			isa = PBXResourcesBuildPhase;
			buildActionMask = 2147483647;
			files = (
				51DA82DC1A6164DD00F2E962 /* Main.storyboard in Resources */,
				51DA82E11A6164DD00F2E962 /* LaunchScreen.xib in Resources */,
				51DA82DE1A6164DD00F2E962 /* Images.xcassets in Resources */,
			);
			runOnlyForDeploymentPostprocessing = 0;
		};
		51DA82E41A6164DD00F2E962 /* Resources */ = {
			isa = PBXResourcesBuildPhase;
			buildActionMask = 2147483647;
			files = (
			);
			runOnlyForDeploymentPostprocessing = 0;
		};
		51DA82F81A61657E00F2E962 /* Resources */ = {
			isa = PBXResourcesBuildPhase;
			buildActionMask = 2147483647;
			files = (
				51DA83091A61657E00F2E962 /* Images.xcassets in Resources */,
				51DA830D1A61657E00F2E962 /* WatchKit Vocab Trainer WatchKit App.app in Resources */,
			);
			runOnlyForDeploymentPostprocessing = 0;
		};
		51DA830A1A61657E00F2E962 /* Resources */ = {
			isa = PBXResourcesBuildPhase;
			buildActionMask = 2147483647;
			files = (
				51DA83151A61657E00F2E962 /* Interface.storyboard in Resources */,
				51DA83171A61657E00F2E962 /* Images.xcassets in Resources */,
			);
			runOnlyForDeploymentPostprocessing = 0;
		};
/* End PBXResourcesBuildPhase section */

/* Begin PBXSourcesBuildPhase section */
		51DA82C91A6164DC00F2E962 /* Sources */ = {
			isa = PBXSourcesBuildPhase;
			buildActionMask = 2147483647;
			files = (
				511BAA991A6265AA001E87AB /* Package.m in Sources */,
				511CA9B01A6202FA0043E516 /* FRServer.m in Sources */,
				51DA82D61A6164DD00F2E962 /* AppDelegate.m in Sources */,
				511BAA9C1A62720D001E87AB /* Answer.m in Sources */,
				511BAA961A626508001E87AB /* PackageDetailViewController.m in Sources */,
				511CA9B11A6202FA0043E516 /* FRServerRequest.m in Sources */,
				51010C561A6293160045D994 /* FRLocalStorage.m in Sources */,
				5163774B1A618336005E83CA /* PackageTableViewController.m in Sources */,
				51DA82D31A6164DD00F2E962 /* main.m in Sources */,
			);
			runOnlyForDeploymentPostprocessing = 0;
		};
		51DA82E21A6164DD00F2E962 /* Sources */ = {
			isa = PBXSourcesBuildPhase;
			buildActionMask = 2147483647;
			files = (
				51DA82ED1A6164DD00F2E962 /* WatchKit_Vocab_TrainerTests.m in Sources */,
			);
			runOnlyForDeploymentPostprocessing = 0;
		};
		51DA82F61A61657E00F2E962 /* Sources */ = {
			isa = PBXSourcesBuildPhase;
			buildActionMask = 2147483647;
			files = (
				51DA83041A61657E00F2E962 /* NotificationController.m in Sources */,
				5163774E1A61904D005E83CA /* QuestionInterfaceController.m in Sources */,
				51DA83011A61657E00F2E962 /* InterfaceController.m in Sources */,
				51D036E11A61AEB500CA112A /* MultipleSelectionTableRowController.m in Sources */,
				51DA83071A61657E00F2E962 /* GlanceController.m in Sources */,
			);
			runOnlyForDeploymentPostprocessing = 0;
		};
/* End PBXSourcesBuildPhase section */

/* Begin PBXTargetDependency section */
		51DA82E81A6164DD00F2E962 /* PBXTargetDependency */ = {
			isa = PBXTargetDependency;
			target = 51DA82CC1A6164DC00F2E962 /* WatchKit Vocab Trainer */;
			targetProxy = 51DA82E71A6164DD00F2E962 /* PBXContainerItemProxy */;
		};
		51DA830F1A61657E00F2E962 /* PBXTargetDependency */ = {
			isa = PBXTargetDependency;
			target = 51DA830B1A61657E00F2E962 /* WatchKit Vocab Trainer WatchKit App */;
			targetProxy = 51DA830E1A61657E00F2E962 /* PBXContainerItemProxy */;
		};
		51DA83191A61657E00F2E962 /* PBXTargetDependency */ = {
			isa = PBXTargetDependency;
			target = 51DA82F91A61657E00F2E962 /* WatchKit Vocab Trainer WatchKit Extension */;
			targetProxy = 51DA83181A61657E00F2E962 /* PBXContainerItemProxy */;
		};
/* End PBXTargetDependency section */

/* Begin PBXVariantGroup section */
		51DA82DA1A6164DD00F2E962 /* Main.storyboard */ = {
			isa = PBXVariantGroup;
			children = (
				51DA82DB1A6164DD00F2E962 /* Base */,
			);
			name = Main.storyboard;
			sourceTree = "<group>";
		};
		51DA82DF1A6164DD00F2E962 /* LaunchScreen.xib */ = {
			isa = PBXVariantGroup;
			children = (
				51DA82E01A6164DD00F2E962 /* Base */,
			);
			name = LaunchScreen.xib;
			sourceTree = "<group>";
		};
		51DA83131A61657E00F2E962 /* Interface.storyboard */ = {
			isa = PBXVariantGroup;
			children = (
				51DA83141A61657E00F2E962 /* Base */,
			);
			name = Interface.storyboard;
			sourceTree = "<group>";
		};
/* End PBXVariantGroup section */

/* Begin XCBuildConfiguration section */
		51DA82EE1A6164DD00F2E962 /* Debug */ = {
			isa = XCBuildConfiguration;
			buildSettings = {
				ALWAYS_SEARCH_USER_PATHS = NO;
				CLANG_CXX_LANGUAGE_STANDARD = "gnu++0x";
				CLANG_CXX_LIBRARY = "libc++";
				CLANG_ENABLE_MODULES = YES;
				CLANG_ENABLE_OBJC_ARC = YES;
				CLANG_WARN_BOOL_CONVERSION = YES;
				CLANG_WARN_CONSTANT_CONVERSION = YES;
				CLANG_WARN_DIRECT_OBJC_ISA_USAGE = YES_ERROR;
				CLANG_WARN_EMPTY_BODY = YES;
				CLANG_WARN_ENUM_CONVERSION = YES;
				CLANG_WARN_INT_CONVERSION = YES;
				CLANG_WARN_OBJC_ROOT_CLASS = YES_ERROR;
				CLANG_WARN_UNREACHABLE_CODE = YES;
				CLANG_WARN__DUPLICATE_METHOD_MATCH = YES;
				"CODE_SIGN_IDENTITY[sdk=iphoneos*]" = "iPhone Developer";
				COPY_PHASE_STRIP = NO;
				ENABLE_STRICT_OBJC_MSGSEND = YES;
				GCC_C_LANGUAGE_STANDARD = gnu99;
				GCC_DYNAMIC_NO_PIC = NO;
				GCC_OPTIMIZATION_LEVEL = 0;
				GCC_PREPROCESSOR_DEFINITIONS = (
					"DEBUG=1",
					"$(inherited)",
				);
				GCC_SYMBOLS_PRIVATE_EXTERN = NO;
				GCC_WARN_64_TO_32_BIT_CONVERSION = YES;
				GCC_WARN_ABOUT_RETURN_TYPE = YES_ERROR;
				GCC_WARN_UNDECLARED_SELECTOR = YES;
				GCC_WARN_UNINITIALIZED_AUTOS = YES_AGGRESSIVE;
				GCC_WARN_UNUSED_FUNCTION = YES;
				GCC_WARN_UNUSED_VARIABLE = YES;
				IPHONEOS_DEPLOYMENT_TARGET = 8.2;
				MTL_ENABLE_DEBUG_INFO = YES;
				ONLY_ACTIVE_ARCH = YES;
				SDKROOT = iphoneos;
				TARGETED_DEVICE_FAMILY = "1,2";
			};
			name = Debug;
		};
		51DA82EF1A6164DD00F2E962 /* Release */ = {
			isa = XCBuildConfiguration;
			buildSettings = {
				ALWAYS_SEARCH_USER_PATHS = NO;
				CLANG_CXX_LANGUAGE_STANDARD = "gnu++0x";
				CLANG_CXX_LIBRARY = "libc++";
				CLANG_ENABLE_MODULES = YES;
				CLANG_ENABLE_OBJC_ARC = YES;
				CLANG_WARN_BOOL_CONVERSION = YES;
				CLANG_WARN_CONSTANT_CONVERSION = YES;
				CLANG_WARN_DIRECT_OBJC_ISA_USAGE = YES_ERROR;
				CLANG_WARN_EMPTY_BODY = YES;
				CLANG_WARN_ENUM_CONVERSION = YES;
				CLANG_WARN_INT_CONVERSION = YES;
				CLANG_WARN_OBJC_ROOT_CLASS = YES_ERROR;
				CLANG_WARN_UNREACHABLE_CODE = YES;
				CLANG_WARN__DUPLICATE_METHOD_MATCH = YES;
				"CODE_SIGN_IDENTITY[sdk=iphoneos*]" = "iPhone Developer";
				COPY_PHASE_STRIP = NO;
				ENABLE_NS_ASSERTIONS = NO;
				ENABLE_STRICT_OBJC_MSGSEND = YES;
				GCC_C_LANGUAGE_STANDARD = gnu99;
				GCC_WARN_64_TO_32_BIT_CONVERSION = YES;
				GCC_WARN_ABOUT_RETURN_TYPE = YES_ERROR;
				GCC_WARN_UNDECLARED_SELECTOR = YES;
				GCC_WARN_UNINITIALIZED_AUTOS = YES_AGGRESSIVE;
				GCC_WARN_UNUSED_FUNCTION = YES;
				GCC_WARN_UNUSED_VARIABLE = YES;
				IPHONEOS_DEPLOYMENT_TARGET = 8.2;
				MTL_ENABLE_DEBUG_INFO = NO;
				SDKROOT = iphoneos;
				TARGETED_DEVICE_FAMILY = "1,2";
				VALIDATE_PRODUCT = YES;
			};
			name = Release;
		};
		51DA82F11A6164DD00F2E962 /* Debug */ = {
			isa = XCBuildConfiguration;
			buildSettings = {
				ASSETCATALOG_COMPILER_APPICON_NAME = AppIcon;
				INFOPLIST_FILE = "WatchKit Vocab Trainer/Info.plist";
				IPHONEOS_DEPLOYMENT_TARGET = 8.0;
				LD_RUNPATH_SEARCH_PATHS = "$(inherited) @executable_path/Frameworks";
				LIBRARY_SEARCH_PATHS = (
					"$(inherited)",
					"/Users/arik-so/Downloads/AsyncDisplayKit-master/build/Debug-iphoneos",
				);
				OTHER_LDFLAGS = "";
				PRODUCT_NAME = "$(TARGET_NAME)";
			};
			name = Debug;
		};
		51DA82F21A6164DD00F2E962 /* Release */ = {
			isa = XCBuildConfiguration;
			buildSettings = {
				ASSETCATALOG_COMPILER_APPICON_NAME = AppIcon;
				INFOPLIST_FILE = "WatchKit Vocab Trainer/Info.plist";
				IPHONEOS_DEPLOYMENT_TARGET = 8.0;
				LD_RUNPATH_SEARCH_PATHS = "$(inherited) @executable_path/Frameworks";
				LIBRARY_SEARCH_PATHS = (
					"$(inherited)",
					"/Users/arik-so/Downloads/AsyncDisplayKit-master/build/Debug-iphoneos",
				);
				OTHER_LDFLAGS = "";
				PRODUCT_NAME = "$(TARGET_NAME)";
			};
			name = Release;
		};
		51DA82F41A6164DD00F2E962 /* Debug */ = {
			isa = XCBuildConfiguration;
			buildSettings = {
				BUNDLE_LOADER = "$(TEST_HOST)";
				FRAMEWORK_SEARCH_PATHS = (
					"$(SDKROOT)/Developer/Library/Frameworks",
					"$(inherited)",
				);
				GCC_PREPROCESSOR_DEFINITIONS = (
					"DEBUG=1",
					"$(inherited)",
				);
				INFOPLIST_FILE = "WatchKit Vocab TrainerTests/Info.plist";
				LD_RUNPATH_SEARCH_PATHS = "$(inherited) @executable_path/Frameworks @loader_path/Frameworks";
				PRODUCT_NAME = "$(TARGET_NAME)";
				TEST_HOST = "$(BUILT_PRODUCTS_DIR)/WatchKit Vocab Trainer.app/WatchKit Vocab Trainer";
			};
			name = Debug;
		};
		51DA82F51A6164DD00F2E962 /* Release */ = {
			isa = XCBuildConfiguration;
			buildSettings = {
				BUNDLE_LOADER = "$(TEST_HOST)";
				FRAMEWORK_SEARCH_PATHS = (
					"$(SDKROOT)/Developer/Library/Frameworks",
					"$(inherited)",
				);
				INFOPLIST_FILE = "WatchKit Vocab TrainerTests/Info.plist";
				LD_RUNPATH_SEARCH_PATHS = "$(inherited) @executable_path/Frameworks @loader_path/Frameworks";
				PRODUCT_NAME = "$(TARGET_NAME)";
				TEST_HOST = "$(BUILT_PRODUCTS_DIR)/WatchKit Vocab Trainer.app/WatchKit Vocab Trainer";
			};
			name = Release;
		};
		51DA831C1A61657E00F2E962 /* Debug */ = {
			isa = XCBuildConfiguration;
			buildSettings = {
				ASSETCATALOG_COMPILER_APPICON_NAME = AppIcon;
				ASSETCATALOG_COMPILER_LAUNCHIMAGE_NAME = LaunchImage;
				GCC_PREPROCESSOR_DEFINITIONS = (
					"DEBUG=1",
					"$(inherited)",
				);
				IBSC_MODULE = WatchKit_Vocab_Trainer_WatchKit_Extension;
				INFOPLIST_FILE = "WatchKit Vocab Trainer WatchKit App/Info.plist";
				PRODUCT_NAME = "$(TARGET_NAME)";
				SKIP_INSTALL = YES;
				TARGETED_DEVICE_FAMILY = 4;
				"TARGETED_DEVICE_FAMILY[sdk=iphonesimulator*]" = "1,4";
			};
			name = Debug;
		};
		51DA831D1A61657E00F2E962 /* Release */ = {
			isa = XCBuildConfiguration;
			buildSettings = {
				ASSETCATALOG_COMPILER_APPICON_NAME = AppIcon;
				ASSETCATALOG_COMPILER_LAUNCHIMAGE_NAME = LaunchImage;
				IBSC_MODULE = WatchKit_Vocab_Trainer_WatchKit_Extension;
				INFOPLIST_FILE = "WatchKit Vocab Trainer WatchKit App/Info.plist";
				PRODUCT_NAME = "$(TARGET_NAME)";
				SKIP_INSTALL = YES;
				TARGETED_DEVICE_FAMILY = 4;
				"TARGETED_DEVICE_FAMILY[sdk=iphonesimulator*]" = "1,4";
			};
			name = Release;
		};
		51DA831F1A61657E00F2E962 /* Debug */ = {
			isa = XCBuildConfiguration;
			buildSettings = {
				GCC_PREPROCESSOR_DEFINITIONS = (
					"DEBUG=1",
					"$(inherited)",
				);
				INFOPLIST_FILE = "WatchKit Vocab Trainer WatchKit Extension/Info.plist";
				LD_RUNPATH_SEARCH_PATHS = "$(inherited) @executable_path/Frameworks @executable_path/../../Frameworks";
				PRODUCT_NAME = "${TARGET_NAME}";
				SKIP_INSTALL = YES;
			};
			name = Debug;
		};
		51DA83201A61657E00F2E962 /* Release */ = {
			isa = XCBuildConfiguration;
			buildSettings = {
				INFOPLIST_FILE = "WatchKit Vocab Trainer WatchKit Extension/Info.plist";
				LD_RUNPATH_SEARCH_PATHS = "$(inherited) @executable_path/Frameworks @executable_path/../../Frameworks";
				PRODUCT_NAME = "${TARGET_NAME}";
				SKIP_INSTALL = YES;
			};
			name = Release;
		};
/* End XCBuildConfiguration section */

/* Begin XCConfigurationList section */
		51DA82C81A6164DC00F2E962 /* Build configuration list for PBXProject "WatchKit Vocab Trainer" */ = {
			isa = XCConfigurationList;
			buildConfigurations = (
				51DA82EE1A6164DD00F2E962 /* Debug */,
				51DA82EF1A6164DD00F2E962 /* Release */,
			);
			defaultConfigurationIsVisible = 0;
			defaultConfigurationName = Release;
		};
		51DA82F01A6164DD00F2E962 /* Build configuration list for PBXNativeTarget "WatchKit Vocab Trainer" */ = {
			isa = XCConfigurationList;
			buildConfigurations = (
				51DA82F11A6164DD00F2E962 /* Debug */,
				51DA82F21A6164DD00F2E962 /* Release */,
			);
			defaultConfigurationIsVisible = 0;
			defaultConfigurationName = Release;
		};
		51DA82F31A6164DD00F2E962 /* Build configuration list for PBXNativeTarget "WatchKit Vocab TrainerTests" */ = {
			isa = XCConfigurationList;
			buildConfigurations = (
				51DA82F41A6164DD00F2E962 /* Debug */,
				51DA82F51A6164DD00F2E962 /* Release */,
			);
			defaultConfigurationIsVisible = 0;
			defaultConfigurationName = Release;
		};
		51DA831B1A61657E00F2E962 /* Build configuration list for PBXNativeTarget "WatchKit Vocab Trainer WatchKit App" */ = {
			isa = XCConfigurationList;
			buildConfigurations = (
				51DA831C1A61657E00F2E962 /* Debug */,
				51DA831D1A61657E00F2E962 /* Release */,
			);
			defaultConfigurationIsVisible = 0;
			defaultConfigurationName = Release;
		};
		51DA831E1A61657E00F2E962 /* Build configuration list for PBXNativeTarget "WatchKit Vocab Trainer WatchKit Extension" */ = {
			isa = XCConfigurationList;
			buildConfigurations = (
				51DA831F1A61657E00F2E962 /* Debug */,
				51DA83201A61657E00F2E962 /* Release */,
			);
			defaultConfigurationIsVisible = 0;
			defaultConfigurationName = Release;
		};
/* End XCConfigurationList section */
	};
	rootObject = 51DA82C51A6164DC00F2E962 /* Project object */;
}
